PODS:
  - 1PasswordExtension (1.8.4)
  - IGAuth (1.0.0):
    - 1PasswordExtension

DEPENDENCIES:
  - IGAuth (from `../`)

EXTERNAL SOURCES:
  IGAuth:
    :path: ../

SPEC CHECKSUMS:
  1PasswordExtension: e775a29310c65851e5a6cec1afc349ab4e334e47
  IGAuth: d8c05c5a86087efebd83889a961b0605c10a13e7

PODFILE CHECKSUM: f5e07c766d2d202f96f31934261e6a4e74a2dc7f

COCOAPODS: 1.3.1
